
Microsoft Visual Studio Solution File, Format Version 12.00
# Visual Studio Version 17
VisualStudioVersion = 17.7.34202.233
MinimumVisualStudioVersion = 10.0.40219.1
Project("{FAE04EC0-301F-11D3-BF4B-00C04F79EFBC}") = "c#lessontwo", "c#lessontwo\c#lessontwo.csproj", "{547A7F14-3A32-447E-8BEE-4696E02156F3}"
EndProject
Global
	GlobalSection(SolutionConfigurationPlatforms) = preSolution
		Debug|Any CPU = Debug|Any CPU
		Release|Any CPU = Release|Any CPU
	EndGlobalSection
	GlobalSection(ProjectConfigurationPlatforms) = postSolution
		{547A7F14-3A32-447E-8BEE-4696E02156F3}.Debug|Any CPU.ActiveCfg = Debug|Any CPU
		{547A7F14-3A32-447E-8BEE-4696E02156F3}.Debug|Any CPU.Build.0 = Debug|Any CPU
		{547A7F14-3A32-447E-8BEE-4696E02156F3}.Release|Any CPU.ActiveCfg = Release|Any CPU
		{547A7F14-3A32-447E-8BEE-4696E02156F3}.Release|Any CPU.Build.0 = Release|Any CPU
	EndGlobalSection
	GlobalSection(SolutionProperties) = preSolution
		HideSolutionNode = FALSE
	EndGlobalSection
	GlobalSection(ExtensibilityGlobals) = postSolution
		SolutionGuid = {DCF6921F-0CD2-4DC7-B7FD-3EF9746A01DA}
	EndGlobalSection
EndGlobal
